
Microsoft Visual Studio Solution File, Format Version 12.00
# Visual Studio Version 17
VisualStudioVersion = 17.0.32126.317
MinimumVisualStudioVersion = 10.0.40219.1
Project("{9A19103F-16F7-4668-BE54-9A1E7A4F7556}") = "Editor", "Editor\Editor.csproj", "{DBDC7C67-B699-4F2A-938A-C4084A481BDB}"
EndProject
Project("{2150E333-8FDC-42A3-9474-1A3956D46DE8}") = "Solution Items", "Solution Items", "{AAA73753-C606-441A-8C68-A81EA1A6DC81}"
EndProject
Project("{9A19103F-16F7-4668-BE54-9A1E7A4F7556}") = "Dialogs", "Dialogs\Dialogs.csproj", "{7ACB07FF-EB6A-4EA7-9C36-8759815D8480}"
EndProject
Project("{9A19103F-16F7-4668-BE54-9A1E7A4F7556}") = "Conf", "Conf\Conf.csproj", "{32AAAF11-0711-422D-BF41-6F1FDD5D997D}"
EndProject
Project("{FAE04EC0-301F-11D3-BF4B-00C04F79EFBC}") = "Formats", "Formats\Formats.csproj", "{CAD37CE1-3A3C-49B7-B20C-C9B9F1350174}"
EndProject
Global
	GlobalSection(SolutionConfigurationPlatforms) = preSolution
		Debug|Any CPU = Debug|Any CPU
		Debug|x64 = Debug|x64
		Release|Any CPU = Release|Any CPU
		Release|x64 = Release|x64
	EndGlobalSection
	GlobalSection(ProjectConfigurationPlatforms) = postSolution
		{DBDC7C67-B699-4F2A-938A-C4084A481BDB}.Debug|Any CPU.ActiveCfg = Debug|Any CPU
		{DBDC7C67-B699-4F2A-938A-C4084A481BDB}.Debug|Any CPU.Build.0 = Debug|Any CPU
		{DBDC7C67-B699-4F2A-938A-C4084A481BDB}.Debug|x64.ActiveCfg = Debug|x64
		{DBDC7C67-B699-4F2A-938A-C4084A481BDB}.Debug|x64.Build.0 = Debug|x64
		{DBDC7C67-B699-4F2A-938A-C4084A481BDB}.Release|Any CPU.ActiveCfg = Release|Any CPU
		{DBDC7C67-B699-4F2A-938A-C4084A481BDB}.Release|Any CPU.Build.0 = Release|Any CPU
		{DBDC7C67-B699-4F2A-938A-C4084A481BDB}.Release|x64.ActiveCfg = Release|x64
		{DBDC7C67-B699-4F2A-938A-C4084A481BDB}.Release|x64.Build.0 = Release|x64
		{7ACB07FF-EB6A-4EA7-9C36-8759815D8480}.Debug|Any CPU.ActiveCfg = Debug|Any CPU
		{7ACB07FF-EB6A-4EA7-9C36-8759815D8480}.Debug|Any CPU.Build.0 = Debug|Any CPU
		{7ACB07FF-EB6A-4EA7-9C36-8759815D8480}.Debug|x64.ActiveCfg = Debug|Any CPU
		{7ACB07FF-EB6A-4EA7-9C36-8759815D8480}.Debug|x64.Build.0 = Debug|Any CPU
		{7ACB07FF-EB6A-4EA7-9C36-8759815D8480}.Release|Any CPU.ActiveCfg = Release|Any CPU
		{7ACB07FF-EB6A-4EA7-9C36-8759815D8480}.Release|Any CPU.Build.0 = Release|Any CPU
		{7ACB07FF-EB6A-4EA7-9C36-8759815D8480}.Release|x64.ActiveCfg = Release|Any CPU
		{7ACB07FF-EB6A-4EA7-9C36-8759815D8480}.Release|x64.Build.0 = Release|Any CPU
		{32AAAF11-0711-422D-BF41-6F1FDD5D997D}.Debug|Any CPU.ActiveCfg = Debug|Any CPU
		{32AAAF11-0711-422D-BF41-6F1FDD5D997D}.Debug|Any CPU.Build.0 = Debug|Any CPU
		{32AAAF11-0711-422D-BF41-6F1FDD5D997D}.Debug|x64.ActiveCfg = Debug|Any CPU
		{32AAAF11-0711-422D-BF41-6F1FDD5D997D}.Debug|x64.Build.0 = Debug|Any CPU
		{32AAAF11-0711-422D-BF41-6F1FDD5D997D}.Release|Any CPU.ActiveCfg = Release|Any CPU
		{32AAAF11-0711-422D-BF41-6F1FDD5D997D}.Release|Any CPU.Build.0 = Release|Any CPU
		{32AAAF11-0711-422D-BF41-6F1FDD5D997D}.Release|x64.ActiveCfg = Release|Any CPU
		{32AAAF11-0711-422D-BF41-6F1FDD5D997D}.Release|x64.Build.0 = Release|Any CPU
		{CAD37CE1-3A3C-49B7-B20C-C9B9F1350174}.Debug|Any CPU.ActiveCfg = Debug|Any CPU
		{CAD37CE1-3A3C-49B7-B20C-C9B9F1350174}.Debug|Any CPU.Build.0 = Debug|Any CPU
		{CAD37CE1-3A3C-49B7-B20C-C9B9F1350174}.Debug|x64.ActiveCfg = Debug|Any CPU
		{CAD37CE1-3A3C-49B7-B20C-C9B9F1350174}.Debug|x64.Build.0 = Debug|Any CPU
		{CAD37CE1-3A3C-49B7-B20C-C9B9F1350174}.Release|Any CPU.ActiveCfg = Release|Any CPU
		{CAD37CE1-3A3C-49B7-B20C-C9B9F1350174}.Release|Any CPU.Build.0 = Release|Any CPU
		{CAD37CE1-3A3C-49B7-B20C-C9B9F1350174}.Release|x64.ActiveCfg = Release|Any CPU
		{CAD37CE1-3A3C-49B7-B20C-C9B9F1350174}.Release|x64.Build.0 = Release|Any CPU
	EndGlobalSection
	GlobalSection(SolutionProperties) = preSolution
		HideSolutionNode = FALSE
	EndGlobalSection
	GlobalSection(ExtensibilityGlobals) = postSolution
		SolutionGuid = {98757D1F-B85B-4C3D-A837-84D7DD821E0F}
	EndGlobalSection
EndGlobal
